{"is_source_file": false, "format": "", "description": "", "external_files": [], "external_methods": [], "published": [], "classes": [], "methods": [], "calls": [], "search-terms": [], "state": 2, "file_id": 33, "knowledge_revision": 104, "git_revision": "a771ea4b0b6c5d0a108c8aeb48e57469124cd654", "hash": "e9b4c3b42cef0193b7fddb548d37e652", "format-version": 4, "code-base-name": "default", "filename": "reserveease/post_process_status.lock", "revision_history": [{"104": "a771ea4b0b6c5d0a108c8aeb48e57469124cd654"}]}